// !$*UTF8*$!
{
	archiveVersion = 1;
	classes = {
	};
	objectVersion = 46;
	objects = {

/* Begin PBXBuildFile section */
		164521FF1E47E4C30032AECC /* AppDelegate.swift in Sources */ = {isa = PBXBuildFile; fileRef = 164521FE1E47E4C30032AECC /* AppDelegate.swift */; };
		164522011E47E4C30032AECC /* ViewController.swift in Sources */ = {isa = PBXBuildFile; fileRef = 164522001E47E4C30032AECC /* ViewController.swift */; };
		164522041E47E4C30032AECC /* Main.storyboard in Resources */ = {isa = PBXBuildFile; fileRef = 164522021E47E4C30032AECC /* Main.storyboard */; };
		164522061E47E4C30032AECC /* Assets.xcassets in Resources */ = {isa = PBXBuildFile; fileRef = 164522051E47E4C30032AECC /* Assets.xcassets */; };
		164522091E47E4C30032AECC /* LaunchScreen.storyboard in Resources */ = {isa = PBXBuildFile; fileRef = 164522071E47E4C30032AECC /* LaunchScreen.storyboard */; };
/* End PBXBuildFile section */

/* Begin PBXFileReference section */
		164521FB1E47E4C30032AECC /* mememe.app */ = {isa = PBXFileReference; explicitFileType = wrapper.application; includeInIndex = 0; path = mememe.app; sourceTree = BUILT_PRODUCTS_DIR; };
		164521FE1E47E4C30032AECC /* AppDelegate.swift */ = {isa = PBXFileReference; lastKnownFileType = sourcecode.swift; path = AppDelegate.swift; sourceTree = "<group>"; };
		164522001E47E4C30032AECC /* ViewController.swift */ = {isa = PBXFileReference; lastKnownFileType = sourcecode.swift; path = ViewController.swift; sourceTree = "<group>"; };
		164522031E47E4C30032AECC /* Base */ = {isa = PBXFileReference; lastKnownFileType = file.storyboard; name = Base; path = Base.lproj/Main.storyboard; sourceTree = "<group>"; };
		164522051E47E4C30032AECC /* Assets.xcassets */ = {isa = PBXFileReference; lastKnownFileType = folder.assetcatalog; path = Assets.xcassets; sourceTree = "<group>"; };
		164522081E47E4C30032AECC /* Base */ = {isa = PBXFileReference; lastKnownFileType = file.storyboard; name = Base; path = Base.lproj/LaunchScreen.storyboard; sourceTree = "<group>"; };
		1645220A1E47E4C30032AECC /* Info.plist */ = {isa = PBXFileReference; lastKnownFileType = text.plist.xml; path = Info.plist; sourceTree = "<group>"; };
/* End PBXFileReference section */

/* Begin PBXFrameworksBuildPhase section */
		164521F81E47E4C30032AECC /* Frameworks */ = {
			isa = PBXFrameworksBuildPhase;
			buildActionMask = 2147483647;
			files = (
			);
			runOnlyForDeploymentPostprocessing = 0;
		};
/* End PBXFrameworksBuildPhase section */

/* Begin PBXGroup section */
		164521F21E47E4C30032AECC = {
			isa = PBXGroup;
			children = (
				164521FD1E47E4C30032AECC /* mememe */,
				164521FC1E47E4C30032AECC /* Products */,
			);
			sourceTree = "<group>";
		};
		164521FC1E47E4C30032AECC /* Products */ = {
			isa = PBXGroup;
			children = (
				164521FB1E47E4C30032AECC /* mememe.app */,
			);
			name = Products;
			sourceTree = "<group>";
		};
		164521FD1E47E4C30032AECC /* mememe */ = {
			isa = PBXGroup;
			children = (
				164521FE1E47E4C30032AECC /* AppDelegate.swift */,
				164522001E47E4C30032AECC /* ViewController.swift */,
				164522021E47E4C30032AECC /* Main.storyboard */,
				164522051E47E4C30032AECC /* Assets.xcassets */,
				164522071E47E4C30032AECC /* LaunchScreen.storyboard */,
				1645220A1E47E4C30032AECC /* Info.plist */,
			);
			path = mememe;
			sourceTree = "<group>";
		};
/* End PBXGroup section */

/* Begin PBXNativeTarget section */
		164521FA1E47E4C30032AECC /* mememe */ = {
			isa = PBXNativeTarget;
			buildConfigurationList = 1645220D1E47E4C30032AECC /* Build configuration list for PBXNativeTarget "mememe" */;
			buildPhases = (
				164521F71E47E4C30032AECC /* Sources */,
				164521F81E47E4C30032AECC /* Frameworks */,
				164521F91E47E4C30032AECC /* Resources */,
			);
			buildRules = (
			);
			dependencies = (
			);
			name = mememe;
			productName = mememe;
			productReference = 164521FB1E47E4C30032AECC /* mememe.app */;
			productType = "com.apple.product-type.application";
		};
/* End PBXNativeTarget section */

/* Begin PBXProject section */
		164521F31E47E4C30032AECC /* Project object */ = {
			isa = PBXProject;
			attributes = {
				LastSwiftUpdateCheck = 0820;
				LastUpgradeCheck = 0820;
				ORGANIZATIONNAME = "Robert Bence Racz";
				TargetAttributes = {
					164521FA1E47E4C30032AECC = {
						CreatedOnToolsVersion = 8.2.1;
						ProvisioningStyle = Automatic;
					};
				};
			};
			buildConfigurationList = 164521F61E47E4C30032AECC /* Build configuration list for PBXProject "mememe" */;
			compatibilityVersion = "Xcode 3.2";
			developmentRegion = English;
			hasScannedForEncodings = 0;
			knownRegions = (
				en,
				Base,
			);
			mainGroup = 164521F21E47E4C30032AECC;
			productRefGroup = 164521FC1E47E4C30032AECC /* Products */;
			projectDirPath = "";
			projectRoot = "";
			targets = (
				164521FA1E47E4C30032AECC /* mememe */,
			);
		};
/* End PBXProject section */

/* Begin PBXResourcesBuildPhase section */
		164521F91E47E4C30032AECC /* Resources */ = {
			isa = PBXResourcesBuildPhase;
			buildActionMask = 2147483647;
			files = (
				164522091E47E4C30032AECC /* LaunchScreen.storyboard in Resources */,
				164522061E47E4C30032AECC /* Assets.xcassets in Resources */,
				164522041E47E4C30032AECC /* Main.storyboard in Resources */,
			);
			runOnlyForDeploymentPostprocessing = 0;
		};
/* End PBXResourcesBuildPhase section */

/* Begin PBXSourcesBuildPhase section */
		164521F71E47E4C30032AECC /* Sources */ = {
			isa = PBXSourcesBuildPhase;
			buildActionMask = 2147483647;
			files = (
				164522011E47E4C30032AECC /* ViewController.swift in Sources */,
				164521FF1E47E4C30032AECC /* AppDelegate.swift in Sources */,
			);
			runOnlyForDeploymentPostprocessing = 0;
		};
/* End PBXSourcesBuildPhase section */

/* Begin PBXVariantGroup section */
		164522021E47E4C30032AECC /* Main.storyboard */ = {
			isa = PBXVariantGroup;
			children = (
				164522031E47E4C30032AECC /* Base */,
			);
			name = Main.storyboard;
			sourceTree = "<group>";
		};
		164522071E47E4C30032AECC /* LaunchScreen.storyboard */ = {
			isa = PBXVariantGroup;
			children = (
				164522081E47E4C30032AECC /* Base */,
			);
			name = LaunchScreen.storyboard;
			sourceTree = "<group>";
		};
/* End PBXVariantGroup section */

/* Begin XCBuildConfiguration section */
		1645220B1E47E4C30032AECC /* Debug */ = {
			isa = XCBuildConfiguration;
			buildSettings = {
				ALWAYS_SEARCH_USER_PATHS = NO;
				CLANG_ANALYZER_NONNULL = YES;
				CLANG_CXX_LANGUAGE_STANDARD = "gnu++0x";
				CLANG_CXX_LIBRARY = "libc++";
				CLANG_ENABLE_MODULES = YES;
				CLANG_ENABLE_OBJC_ARC = YES;
				CLANG_WARN_BOOL_CONVERSION = YES;
				CLANG_WARN_CONSTANT_CONVERSION = YES;
				CLANG_WARN_DIRECT_OBJC_ISA_USAGE = YES_ERROR;
				CLANG_WARN_DOCUMENTATION_COMMENTS = YES;
				CLANG_WARN_EMPTY_BODY = YES;
				CLANG_WARN_ENUM_CONVERSION = YES;
				CLANG_WARN_INFINITE_RECURSION = YES;
				CLANG_WARN_INT_CONVERSION = YES;
				CLANG_WARN_OBJC_ROOT_CLASS = YES_ERROR;
				CLANG_WARN_SUSPICIOUS_MOVE = YES;
				CLANG_WARN_UNREACHABLE_CODE = YES;
				CLANG_WARN__DUPLICATE_METHOD_MATCH = YES;
				"CODE_SIGN_IDENTITY[sdk=iphoneos*]" = "iPhone Developer";
				COPY_PHASE_STRIP = NO;
				DEBUG_INFORMATION_FORMAT = dwarf;
				ENABLE_STRICT_OBJC_MSGSEND = YES;
				ENABLE_TESTABILITY = YES;
				GCC_C_LANGUAGE_STANDARD = gnu99;
				GCC_DYNAMIC_NO_PIC = NO;
				GCC_NO_COMMON_BLOCKS = YES;
				GCC_OPTIMIZATION_LEVEL = 0;
				GCC_PREPROCESSOR_DEFINITIONS = (
					"DEBUG=1",
					"$(inherited)",
				);
				GCC_WARN_64_TO_32_BIT_CONVERSION = YES;
				GCC_WARN_ABOUT_RETURN_TYPE = YES_ERROR;
				GCC_WARN_UNDECLARED_SELECTOR = YES;
				GCC_WARN_UNINITIALIZED_AUTOS = YES_AGGRESSIVE;
				GCC_WARN_UNUSED_FUNCTION = YES;
				GCC_WARN_UNUSED_VARIABLE = YES;
				IPHONEOS_DEPLOYMENT_TARGET = 10.2;
				MTL_ENABLE_DEBUG_INFO = YES;
				ONLY_ACTIVE_ARCH = YES;
				SDKROOT = iphoneos;
				SWIFT_ACTIVE_COMPILATION_CONDITIONS = DEBUG;
				SWIFT_OPTIMIZATION_LEVEL = "-Onone";
				TARGETED_DEVICE_FAMILY = "1,2";
			};
			name = Debug;
		};
		1645220C1E47E4C30032AECC /* Release */ = {
			isa = XCBuildConfiguration;
			buildSettings = {
				ALWAYS_SEARCH_USER_PATHS = NO;
				CLANG_ANALYZER_NONNULL = YES;
				CLANG_CXX_LANGUAGE_STANDARD = "gnu++0x";
				CLANG_CXX_LIBRARY = "libc++";
				CLANG_ENABLE_MODULES = YES;
				CLANG_ENABLE_OBJC_ARC = YES;
				CLANG_WARN_BOOL_CONVERSION = YES;
				CLANG_WARN_CONSTANT_CONVERSION = YES;
				CLANG_WARN_DIRECT_OBJC_ISA_USAGE = YES_ERROR;
				CLANG_WARN_DOCUMENTATION_COMMENTS = YES;
				CLANG_WARN_EMPTY_BODY = YES;
				CLANG_WARN_ENUM_CONVERSION = YES;
				CLANG_WARN_INFINITE_RECURSION = YES;
				CLANG_WARN_INT_CONVERSION = YES;
				CLANG_WARN_OBJC_ROOT_CLASS = YES_ERROR;
				CLANG_WARN_SUSPICIOUS_MOVE = YES;
				CLANG_WARN_UNREACHABLE_CODE = YES;
				CLANG_WARN__DUPLICATE_METHOD_MATCH = YES;
				"CODE_SIGN_IDENTITY[sdk=iphoneos*]" = "iPhone Developer";
				COPY_PHASE_STRIP = NO;
				DEBUG_INFORMATION_FORMAT = "dwarf-with-dsym";
				ENABLE_NS_ASSERTIONS = NO;
				ENABLE_STRICT_OBJC_MSGSEND = YES;
				GCC_C_LANGUAGE_STANDARD = gnu99;
				GCC_NO_COMMON_BLOCKS = YES;
				GCC_WARN_64_TO_32_BIT_CONVERSION = YES;
				GCC_WARN_ABOUT_RETURN_TYPE = YES_ERROR;
				GCC_WARN_UNDECLARED_SELECTOR = YES;
				GCC_WARN_UNINITIALIZED_AUTOS = YES_AGGRESSIVE;
				GCC_WARN_UNUSED_FUNCTION = YES;
				GCC_WARN_UNUSED_VARIABLE = YES;
				IPHONEOS_DEPLOYMENT_TARGET = 10.2;
				MTL_ENABLE_DEBUG_INFO = NO;
				SDKROOT = iphoneos;
				SWIFT_OPTIMIZATION_LEVEL = "-Owholemodule";
				TARGETED_DEVICE_FAMILY = "1,2";
				VALIDATE_PRODUCT = YES;
			};
			name = Release;
		};
		1645220E1E47E4C30032AECC /* Debug */ = {
			isa = XCBuildConfiguration;
			buildSettings = {
				ASSETCATALOG_COMPILER_APPICON_NAME = AppIcon;
				INFOPLIST_FILE = mememe/Info.plist;
				LD_RUNPATH_SEARCH_PATHS = "$(inherited) @executable_path/Frameworks";
				PRODUCT_BUNDLE_IDENTIFIER = com.robertracz.mememe;
				PRODUCT_NAME = "$(TARGET_NAME)";
				SWIFT_VERSION = 3.0;
			};
			name = Debug;
		};
		1645220F1E47E4C30032AECC /* Release */ = {
			isa = XCBuildConfiguration;
			buildSettings = {
				ASSETCATALOG_COMPILER_APPICON_NAME = AppIcon;
				INFOPLIST_FILE = mememe/Info.plist;
				LD_RUNPATH_SEARCH_PATHS = "$(inherited) @executable_path/Frameworks";
				PRODUCT_BUNDLE_IDENTIFIER = com.robertracz.mememe;
				PRODUCT_NAME = "$(TARGET_NAME)";
				SWIFT_VERSION = 3.0;
			};
			name = Release;
		};
/* End XCBuildConfiguration section */

/* Begin XCConfigurationList section */
		164521F61E47E4C30032AECC /* Build configuration list for PBXProject "mememe" */ = {
			isa = XCConfigurationList;
			buildConfigurations = (
				1645220B1E47E4C30032AECC /* Debug */,
				1645220C1E47E4C30032AECC /* Release */,
			);
			defaultConfigurationIsVisible = 0;
			defaultConfigurationName = Release;
		};
		1645220D1E47E4C30032AECC /* Build configuration list for PBXNativeTarget "mememe" */ = {
			isa = XCConfigurationList;
			buildConfigurations = (
				1645220E1E47E4C30032AECC /* Debug */,
				1645220F1E47E4C30032AECC /* Release */,
			);
			defaultConfigurationIsVisible = 0;
		};
/* End XCConfigurationList section */
	};
	rootObject = 164521F31E47E4C30032AECC /* Project object */;
}
